
Microsoft Visual Studio Solution File, Format Version 12.00
# Visual Studio Version 16
VisualStudioVersion = 16.0.30104.148
MinimumVisualStudioVersion = 10.0.40219.1
Project("{FAE04EC0-301F-11D3-BF4B-00C04F79EFBC}") = "APITestHeroku", "APITestHeroku\APITestHeroku.csproj", "{C1EE14FB-7735-494B-8ADE-8BD6B988B83F}"
EndProject
Global
	GlobalSection(SolutionConfigurationPlatforms) = preSolution
		Debug|Any CPU = Debug|Any CPU
		Release|Any CPU = Release|Any CPU
	EndGlobalSection
	GlobalSection(ProjectConfigurationPlatforms) = postSolution
		{C1EE14FB-7735-494B-8ADE-8BD6B988B83F}.Debug|Any CPU.ActiveCfg = Debug|Any CPU
		{C1EE14FB-7735-494B-8ADE-8BD6B988B83F}.Debug|Any CPU.Build.0 = Debug|Any CPU
		{C1EE14FB-7735-494B-8ADE-8BD6B988B83F}.Release|Any CPU.ActiveCfg = Release|Any CPU
		{C1EE14FB-7735-494B-8ADE-8BD6B988B83F}.Release|Any CPU.Build.0 = Release|Any CPU
	EndGlobalSection
	GlobalSection(SolutionProperties) = preSolution
		HideSolutionNode = FALSE
	EndGlobalSection
	GlobalSection(ExtensibilityGlobals) = postSolution
		SolutionGuid = {9F3AA00F-7B3D-4CFE-A015-68340F095073}
	EndGlobalSection
EndGlobal
